<?xml version="1.0" encoding="utf-8"?>
<Project ToolsVersion="Current" xmlns="http://schemas.microsoft.com/developer/msbuild/2003">
  <ItemGroup>
    <ClCompile Include="$(MSBuildThisFileDirectory)hyApplication.cpp">
      <Filter>Engine\High Level Interface</Filter>
    </ClCompile>
    <ClCompile Include="$(MSBuildThisFileDirectory)hyGraphicsDevice_DX11.cpp">
      <Filter>Engine\Graphics\API</Filter>
    </ClCompile>
    <ClCompile Include="$(MSBuildThisFileDirectory)hyEntity.cpp">
      <Filter>Engine\Graphics\GameObject</Filter>
    </ClCompile>
    <ClCompile Include="$(MSBuildThisFileDirectory)hyInput.cpp">
      <Filter>Engine\Helpers\Input</Filter>
    </ClCompile>
    <ClCompile Include="$(MSBuildThisFileDirectory)hyMath.cpp">
      <Filter>Engine\Helpers\Mathatics</Filter>
    </ClCompile>
    <ClCompile Include="$(MSBuildThisFileDirectory)hyTime.cpp">
      <Filter>Engine\Helpers\Time</Filter>
    </ClCompile>
    <ClCompile Include="$(MSBuildThisFileDirectory)hyResources.cpp">
      <Filter>Engine\Resource\Manager</Filter>
    </ClCompile>
    <ClCompile Include="$(MSBuildThisFileDirectory)hyResource.cpp">
      <Filter>Engine\Resource</Filter>
    </ClCompile>
    <ClCompile Include="$(MSBuildThisFileDirectory)hyMaterial.cpp">
      <Filter>Engine\High Level Interface</Filter>
    </ClCompile>
    <ClCompile Include="$(MSBuildThisFileDirectory)hyRenderer.cpp">
      <Filter>Engine\Graphics</Filter>
    </ClCompile>
    <ClCompile Include="$(MSBuildThisFileDirectory)hyShader.cpp">
      <Filter>Engine\Resource\Shader</Filter>
    </ClCompile>
    <ClCompile Include="$(MSBuildThisFileDirectory)hyMesh.cpp">
      <Filter>Engine\Resource\Mesh</Filter>
    </ClCompile>
    <ClCompile Include="$(MSBuildThisFileDirectory)hyScene.cpp">
      <Filter>Engine\Scene</Filter>
    </ClCompile>
    <ClCompile Include="$(MSBuildThisFileDirectory)hySceneManager.cpp">
      <Filter>Engine\Scene</Filter>
    </ClCompile>
    <ClCompile Include="$(MSBuildThisFileDirectory)hyLayer.cpp">
      <Filter>Engine\Scene</Filter>
    </ClCompile>
    <ClCompile Include="$(MSBuildThisFileDirectory)hyGameObject.cpp">
      <Filter>Engine\Graphics\GameObject</Filter>
    </ClCompile>
    <ClCompile Include="$(MSBuildThisFileDirectory)hyConstantBuffer.cpp">
      <Filter>Engine\Resource\Shader</Filter>
    </ClCompile>
    <ClCompile Include="$(MSBuildThisFileDirectory)hyComponent.cpp">
      <Filter>Engine\Component</Filter>
    </ClCompile>
    <ClCompile Include="$(MSBuildThisFileDirectory)hyTransform.cpp">
      <Filter>Engine\Component</Filter>
    </ClCompile>
    <ClCompile Include="$(MSBuildThisFileDirectory)hyMeshRenderer.cpp">
      <Filter>Engine\Component</Filter>
    </ClCompile>
    <ClCompile Include="$(MSBuildThisFileDirectory)hyBullet.cpp">
      <Filter>Contents\GameObject</Filter>
    </ClCompile>
    <ClCompile Include="$(MSBuildThisFileDirectory)hyPlayer.cpp">
      <Filter>Contents\GameObject</Filter>
    </ClCompile>
  </ItemGroup>
  <ItemGroup>
    <ClInclude Include="$(MSBuildThisFileDirectory)hyApplication.h">
      <Filter>Engine\High Level Interface</Filter>
    </ClInclude>
    <ClInclude Include="$(MSBuildThisFileDirectory)hyGraphicsDevice_DX11.h">
      <Filter>Engine\Graphics\API</Filter>
    </ClInclude>
    <ClInclude Include="$(MSBuildThisFileDirectory)hyGraphicsDevice.h">
      <Filter>Engine\Graphics\API</Filter>
    </ClInclude>
    <ClInclude Include="$(MSBuildThisFileDirectory)hyGraphics.h">
      <Filter>Engine\Graphics\API</Filter>
    </ClInclude>
    <ClInclude Include="$(MSBuildThisFileDirectory)CommonInclude.h">
      <Filter>Engine\Common</Filter>
    </ClInclude>
    <ClInclude Include="$(MSBuildThisFileDirectory)Directx11_2D_Engine.h">
      <Filter>Engine\Common</Filter>
    </ClInclude>
    <ClInclude Include="$(MSBuildThisFileDirectory)hyEntity.h">
      <Filter>Engine\Graphics\GameObject</Filter>
    </ClInclude>
    <ClInclude Include="$(MSBuildThisFileDirectory)hyInput.h">
      <Filter>Engine\Helpers\Input</Filter>
    </ClInclude>
    <ClInclude Include="$(MSBuildThisFileDirectory)hyMath.h">
      <Filter>Engine\Helpers\Mathatics</Filter>
    </ClInclude>
    <ClInclude Include="$(MSBuildThisFileDirectory)hyTime.h">
      <Filter>Engine\Helpers\Time</Filter>
    </ClInclude>
    <ClInclude Include="$(MSBuildThisFileDirectory)hyResources.h">
      <Filter>Engine\Resource\Manager</Filter>
    </ClInclude>
    <ClInclude Include="$(MSBuildThisFileDirectory)hyResource.h">
      <Filter>Engine\Resource</Filter>
    </ClInclude>
    <ClInclude Include="$(MSBuildThisFileDirectory)hyCanvas.h">
      <Filter>Engine\System</Filter>
    </ClInclude>
    <ClInclude Include="$(MSBuildThisFileDirectory)hyMaterial.h">
      <Filter>Engine\High Level Interface</Filter>
    </ClInclude>
    <ClInclude Include="$(MSBuildThisFileDirectory)hyEnums.h">
      <Filter>Engine\Common</Filter>
    </ClInclude>
    <ClInclude Include="$(MSBuildThisFileDirectory)hyRenderer.h">
      <Filter>Engine\Graphics</Filter>
    </ClInclude>
    <ClInclude Include="$(MSBuildThisFileDirectory)hyShader.h">
      <Filter>Engine\Resource\Shader</Filter>
    </ClInclude>
    <ClInclude Include="$(MSBuildThisFileDirectory)hyMesh.h">
      <Filter>Engine\Resource\Mesh</Filter>
    </ClInclude>
    <ClInclude Include="$(MSBuildThisFileDirectory)hyScene.h">
      <Filter>Engine\Scene</Filter>
    </ClInclude>
    <ClInclude Include="$(MSBuildThisFileDirectory)hySceneManager.h">
      <Filter>Engine\Scene</Filter>
    </ClInclude>
    <ClInclude Include="$(MSBuildThisFileDirectory)hyLayer.h">
      <Filter>Engine\Scene</Filter>
    </ClInclude>
    <ClInclude Include="$(MSBuildThisFileDirectory)hyGameObject.h">
      <Filter>Engine\Graphics\GameObject</Filter>
    </ClInclude>
    <ClInclude Include="$(MSBuildThisFileDirectory)hyConstantBuffer.h">
      <Filter>Engine\Resource\Shader</Filter>
    </ClInclude>
    <ClInclude Include="$(MSBuildThisFileDirectory)hyComponent.h">
      <Filter>Engine\Component</Filter>
    </ClInclude>
    <ClInclude Include="$(MSBuildThisFileDirectory)hyTransform.h">
      <Filter>Engine\Component</Filter>
    </ClInclude>
    <ClInclude Include="$(MSBuildThisFileDirectory)hyMeshRenderer.h">
      <Filter>Engine\Component</Filter>
    </ClInclude>
    <ClInclude Include="$(MSBuildThisFileDirectory)hyBullet.h">
      <Filter>Contents\GameObject</Filter>
    </ClInclude>
    <ClInclude Include="$(MSBuildThisFileDirectory)hyPlayer.h">
      <Filter>Contents\GameObject</Filter>
    </ClInclude>
    <ClInclude Include="$(MSBuildThisFileDirectory)Object.h">
      <Filter>Engine\Graphics\GameObject</Filter>
    </ClInclude>
  </ItemGroup>
  <ItemGroup>
    <Filter Include="Engine">
      <UniqueIdentifier>{7b71e4d8-2b7e-4146-86c7-afa0ed3e1e1a}</UniqueIdentifier>
    </Filter>
    <Filter Include="Engine\Graphics">
      <UniqueIdentifier>{ba411f11-b382-4ffc-9281-12da87f4722d}</UniqueIdentifier>
    </Filter>
    <Filter Include="Engine\Graphics\API">
      <UniqueIdentifier>{111c76db-44cf-403a-8933-3cece11b5e2c}</UniqueIdentifier>
    </Filter>
    <Filter Include="Engine\Common">
      <UniqueIdentifier>{fe4017da-58ad-426c-b385-1f8b1e5c9b03}</UniqueIdentifier>
    </Filter>
    <Filter Include="Engine\High Level Interface">
      <UniqueIdentifier>{4041cab7-b30b-4552-bf73-abfa6622fae2}</UniqueIdentifier>
    </Filter>
    <Filter Include="Engine\Helpers">
      <UniqueIdentifier>{9fdedd2a-aa63-4289-a2ce-7195e325afb0}</UniqueIdentifier>
    </Filter>
    <Filter Include="Engine\Resource">
      <UniqueIdentifier>{3d8bd53a-322f-4862-aa5d-dab0c7f11cc6}</UniqueIdentifier>
    </Filter>
    <Filter Include="Engine\Resource\Manager">
      <UniqueIdentifier>{4862b81e-4812-4d31-919c-253f4c3c3b95}</UniqueIdentifier>
    </Filter>
    <Filter Include="Engine\Helpers\Input">
      <UniqueIdentifier>{62776dcb-f415-43bd-b4f2-d9c63ad555cf}</UniqueIdentifier>
    </Filter>
    <Filter Include="Engine\Helpers\Mathatics">
      <UniqueIdentifier>{d8183794-e4b2-4150-b01c-a9b0831d5289}</UniqueIdentifier>
    </Filter>
    <Filter Include="Engine\Helpers\Time">
      <UniqueIdentifier>{26558a95-fe7d-47cc-abf7-6eaa2315c9fe}</UniqueIdentifier>
    </Filter>
    <Filter Include="Engine\System">
      <UniqueIdentifier>{eeee1bf7-a8b5-4a2d-b106-e91c5cd70f95}</UniqueIdentifier>
    </Filter>
    <Filter Include="Engine\Resource\Shader">
      <UniqueIdentifier>{04e1c534-a4af-4ea6-ba89-027a9e185ea6}</UniqueIdentifier>
    </Filter>
    <Filter Include="Engine\Resource\Mesh">
      <UniqueIdentifier>{f3e4deef-3bce-45a8-ab9d-c97f12d034ab}</UniqueIdentifier>
    </Filter>
    <Filter Include="Engine\Scene">
      <UniqueIdentifier>{21ceee4e-7d5b-45e5-9b6e-cab90b62b307}</UniqueIdentifier>
    </Filter>
    <Filter Include="Engine\Component">
      <UniqueIdentifier>{bd404344-8200-434d-9075-871fa03ca54c}</UniqueIdentifier>
    </Filter>
    <Filter Include="Contents">
      <UniqueIdentifier>{d259bf75-3912-4fe7-adfb-30b9ecb51f2b}</UniqueIdentifier>
    </Filter>
    <Filter Include="Contents\GameObject">
      <UniqueIdentifier>{3b2860a7-6332-471b-aa0a-55d02c10cecc}</UniqueIdentifier>
    </Filter>
    <Filter Include="Engine\Graphics\GameObject">
      <UniqueIdentifier>{9439ecaf-bd1a-48b5-ac3c-db4c52e22093}</UniqueIdentifier>
    </Filter>
  </ItemGroup>
  <ItemGroup>
    <None Include="$(MSBuildThisFileDirectory)hyMath.inl">
      <Filter>Engine\Helpers\Mathatics</Filter>
    </None>
  </ItemGroup>
</Project>